lockfileVersion: '6.0'

devDependencies:
  '@types/dom-webcodecs':
    specifier: ^0.1.7
    version: 0.1.7
  typescript:
    specifier: 5.2.0-dev.20230527
    version: 5.2.0-dev.20230527

packages:

  /@types/dom-webcodecs@0.1.7:
    resolution: {integrity: sha512-1euwRyJ7rQrddOa24d5ZcoDRMp68xEIwyb7PKb3Wpc2OullUxHQ4a63WPa5V8R+KtCWISKjgS+f83HCUVhXS/w==}
    dev: true

  /typescript@5.2.0-dev.20230527:
    resolution: {integrity: sha512-ZBBYdXJwgj7iycQMExPdm4dq3FrYs/P0b0gZoxRlfa/LaG+9UkGq2IBVc82BbE84dw+4CM3dorzhAYXLdvbIQg==}
    engines: {node: '>=14.17'}
    hasBin: true
    dev: true
